
Microsoft Visual Studio Solution File, Format Version 12.00
# Visual Studio Version 17
VisualStudioVersion = 17.4.33213.308
MinimumVisualStudioVersion = 10.0.40219.1
Project("{FAE04EC0-301F-11D3-BF4B-00C04F79EFBC}") = "MinimalApiCatalogo", "MinimalApiCatalogo\MinimalApiCatalogo.csproj", "{54479905-4596-4695-BBD5-E039E5860E39}"
EndProject
Global
	GlobalSection(SolutionConfigurationPlatforms) = preSolution
		Debug|Any CPU = Debug|Any CPU
		Release|Any CPU = Release|Any CPU
	EndGlobalSection
	GlobalSection(ProjectConfigurationPlatforms) = postSolution
		{54479905-4596-4695-BBD5-E039E5860E39}.Debug|Any CPU.ActiveCfg = Debug|Any CPU
		{54479905-4596-4695-BBD5-E039E5860E39}.Debug|Any CPU.Build.0 = Debug|Any CPU
		{54479905-4596-4695-BBD5-E039E5860E39}.Release|Any CPU.ActiveCfg = Release|Any CPU
		{54479905-4596-4695-BBD5-E039E5860E39}.Release|Any CPU.Build.0 = Release|Any CPU
	EndGlobalSection
	GlobalSection(SolutionProperties) = preSolution
		HideSolutionNode = FALSE
	EndGlobalSection
	GlobalSection(ExtensibilityGlobals) = postSolution
		SolutionGuid = {3805FBD5-4D2F-497E-851E-AA0B9B29BD40}
	EndGlobalSection
EndGlobal
